
Microsoft Visual Studio Solution File, Format Version 12.00
# Visual Studio Version 17
VisualStudioVersion = 17.4.33205.214
MinimumVisualStudioVersion = 10.0.40219.1
Project("{FAE04EC0-301F-11D3-BF4B-00C04F79EFBC}") = "EchoServer", "EchoServer\EchoServer.csproj", "{64895B35-40E5-421C-8FA5-DAA21830FE0C}"
EndProject
Global
	GlobalSection(SolutionConfigurationPlatforms) = preSolution
		Debug|Any CPU = Debug|Any CPU
		Release|Any CPU = Release|Any CPU
	EndGlobalSection
	GlobalSection(ProjectConfigurationPlatforms) = postSolution
		{64895B35-40E5-421C-8FA5-DAA21830FE0C}.Debug|Any CPU.ActiveCfg = Debug|Any CPU
		{64895B35-40E5-421C-8FA5-DAA21830FE0C}.Debug|Any CPU.Build.0 = Debug|Any CPU
		{64895B35-40E5-421C-8FA5-DAA21830FE0C}.Release|Any CPU.ActiveCfg = Release|Any CPU
		{64895B35-40E5-421C-8FA5-DAA21830FE0C}.Release|Any CPU.Build.0 = Release|Any CPU
	EndGlobalSection
	GlobalSection(SolutionProperties) = preSolution
		HideSolutionNode = FALSE
	EndGlobalSection
	GlobalSection(ExtensibilityGlobals) = postSolution
		SolutionGuid = {245ECBCC-2429-4774-B209-CF8C7FA644D2}
	EndGlobalSection
EndGlobal
